// !$*UTF8*$!
{
	archiveVersion = 1;
	classes = {
	};
	objectVersion = 52;
	objects = {

/* Begin PBXBuildFile section */
		2A30B7C324F3847500856F2D /* AppDelegate.swift in Sources */ = {isa = PBXBuildFile; fileRef = 2A30B7C224F3847500856F2D /* AppDelegate.swift */; };
		2A30B7C524F3847500856F2D /* SceneDelegate.swift in Sources */ = {isa = PBXBuildFile; fileRef = 2A30B7C424F3847500856F2D /* SceneDelegate.swift */; };
		2A30B7C724F3847500856F2D /* ContentView.swift in Sources */ = {isa = PBXBuildFile; fileRef = 2A30B7C624F3847500856F2D /* ContentView.swift */; };
		2A30B7C924F3847700856F2D /* Assets.xcassets in Resources */ = {isa = PBXBuildFile; fileRef = 2A30B7C824F3847700856F2D /* Assets.xcassets */; };
		2A30B7CC24F3847700856F2D /* Preview Assets.xcassets in Resources */ = {isa = PBXBuildFile; fileRef = 2A30B7CB24F3847700856F2D /* Preview Assets.xcassets */; };
		2A30B7CF24F3847700856F2D /* LaunchScreen.storyboard in Resources */ = {isa = PBXBuildFile; fileRef = 2A30B7CD24F3847700856F2D /* LaunchScreen.storyboard */; };
		2A30B7D724F38BD200856F2D /* CodeScannerView.swift in Sources */ = {isa = PBXBuildFile; fileRef = 2A30B7D624F38BD200856F2D /* CodeScannerView.swift */; };
		2A358B6424F3A34B008ABD8B /* SDSScreenStatus.swift in Sources */ = {isa = PBXBuildFile; fileRef = 2A358B6324F3A34B008ABD8B /* SDSScreenStatus.swift */; };
		2A358B6624F3BEC8008ABD8B /* ScanHandler.swift in Sources */ = {isa = PBXBuildFile; fileRef = 2A358B6524F3BEC8008ABD8B /* ScanHandler.swift */; };
		2A358B6924F3BF36008ABD8B /* Alamofire in Frameworks */ = {isa = PBXBuildFile; productRef = 2A358B6824F3BF36008ABD8B /* Alamofire */; };
		2A358B6B24F3BF54008ABD8B /* Settings.swift in Sources */ = {isa = PBXBuildFile; fileRef = 2A358B6A24F3BF54008ABD8B /* Settings.swift */; };
		2A358B6D24F414FC008ABD8B /* Types.swift in Sources */ = {isa = PBXBuildFile; fileRef = 2A358B6C24F414FC008ABD8B /* Types.swift */; };
/* End PBXBuildFile section */

/* Begin PBXFileReference section */
		2A30B7BF24F3847500856F2D /* SalmonDayoffScanner.app */ = {isa = PBXFileReference; explicitFileType = wrapper.application; includeInIndex = 0; path = SalmonDayoffScanner.app; sourceTree = BUILT_PRODUCTS_DIR; };
		2A30B7C224F3847500856F2D /* AppDelegate.swift */ = {isa = PBXFileReference; lastKnownFileType = sourcecode.swift; path = AppDelegate.swift; sourceTree = "<group>"; };
		2A30B7C424F3847500856F2D /* SceneDelegate.swift */ = {isa = PBXFileReference; lastKnownFileType = sourcecode.swift; path = SceneDelegate.swift; sourceTree = "<group>"; };
		2A30B7C624F3847500856F2D /* ContentView.swift */ = {isa = PBXFileReference; lastKnownFileType = sourcecode.swift; path = ContentView.swift; sourceTree = "<group>"; };
		2A30B7C824F3847700856F2D /* Assets.xcassets */ = {isa = PBXFileReference; lastKnownFileType = folder.assetcatalog; path = Assets.xcassets; sourceTree = "<group>"; };
		2A30B7CB24F3847700856F2D /* Preview Assets.xcassets */ = {isa = PBXFileReference; lastKnownFileType = folder.assetcatalog; path = "Preview Assets.xcassets"; sourceTree = "<group>"; };
		2A30B7CE24F3847700856F2D /* Base */ = {isa = PBXFileReference; lastKnownFileType = file.storyboard; name = Base; path = Base.lproj/LaunchScreen.storyboard; sourceTree = "<group>"; };
		2A30B7D024F3847700856F2D /* Info.plist */ = {isa = PBXFileReference; lastKnownFileType = text.plist.xml; path = Info.plist; sourceTree = "<group>"; };
		2A30B7D624F38BD200856F2D /* CodeScannerView.swift */ = {isa = PBXFileReference; lastKnownFileType = sourcecode.swift; path = CodeScannerView.swift; sourceTree = "<group>"; };
		2A358B6324F3A34B008ABD8B /* SDSScreenStatus.swift */ = {isa = PBXFileReference; lastKnownFileType = sourcecode.swift; path = SDSScreenStatus.swift; sourceTree = "<group>"; };
		2A358B6524F3BEC8008ABD8B /* ScanHandler.swift */ = {isa = PBXFileReference; lastKnownFileType = sourcecode.swift; path = ScanHandler.swift; sourceTree = "<group>"; };
		2A358B6A24F3BF54008ABD8B /* Settings.swift */ = {isa = PBXFileReference; lastKnownFileType = sourcecode.swift; path = Settings.swift; sourceTree = "<group>"; };
		2A358B6C24F414FC008ABD8B /* Types.swift */ = {isa = PBXFileReference; lastKnownFileType = sourcecode.swift; path = Types.swift; sourceTree = "<group>"; };
		2A358B6E24F42ED6008ABD8B /* README.md */ = {isa = PBXFileReference; lastKnownFileType = net.daringfireball.markdown; path = README.md; sourceTree = "<group>"; };
		2AE0E5CC24F7C81A002A4557 /* SalmonDayoffScanner.entitlements */ = {isa = PBXFileReference; lastKnownFileType = text.plist.entitlements; path = SalmonDayoffScanner.entitlements; sourceTree = "<group>"; };
/* End PBXFileReference section */

/* Begin PBXFrameworksBuildPhase section */
		2A30B7BC24F3847500856F2D /* Frameworks */ = {
			isa = PBXFrameworksBuildPhase;
			buildActionMask = 2147483647;
			files = (
				2A358B6924F3BF36008ABD8B /* Alamofire in Frameworks */,
			);
			runOnlyForDeploymentPostprocessing = 0;
		};
/* End PBXFrameworksBuildPhase section */

/* Begin PBXGroup section */
		2A30B7B624F3847500856F2D = {
			isa = PBXGroup;
			children = (
				2A358B6E24F42ED6008ABD8B /* README.md */,
				2A30B7C124F3847500856F2D /* SalmonDayoffScanner */,
				2A30B7C024F3847500856F2D /* Products */,
			);
			sourceTree = "<group>";
		};
		2A30B7C024F3847500856F2D /* Products */ = {
			isa = PBXGroup;
			children = (
				2A30B7BF24F3847500856F2D /* SalmonDayoffScanner.app */,
			);
			name = Products;
			sourceTree = "<group>";
		};
		2A30B7C124F3847500856F2D /* SalmonDayoffScanner */ = {
			isa = PBXGroup;
			children = (
				2AE0E5CC24F7C81A002A4557 /* SalmonDayoffScanner.entitlements */,
				2A30B7C224F3847500856F2D /* AppDelegate.swift */,
				2A30B7C424F3847500856F2D /* SceneDelegate.swift */,
				2A30B7C624F3847500856F2D /* ContentView.swift */,
				2A30B7C824F3847700856F2D /* Assets.xcassets */,
				2A30B7CD24F3847700856F2D /* LaunchScreen.storyboard */,
				2A30B7D024F3847700856F2D /* Info.plist */,
				2A30B7CA24F3847700856F2D /* Preview Content */,
				2A30B7D624F38BD200856F2D /* CodeScannerView.swift */,
				2A358B6324F3A34B008ABD8B /* SDSScreenStatus.swift */,
				2A358B6524F3BEC8008ABD8B /* ScanHandler.swift */,
				2A358B6A24F3BF54008ABD8B /* Settings.swift */,
				2A358B6C24F414FC008ABD8B /* Types.swift */,
			);
			path = SalmonDayoffScanner;
			sourceTree = "<group>";
		};
		2A30B7CA24F3847700856F2D /* Preview Content */ = {
			isa = PBXGroup;
			children = (
				2A30B7CB24F3847700856F2D /* Preview Assets.xcassets */,
			);
			path = "Preview Content";
			sourceTree = "<group>";
		};
/* End PBXGroup section */

/* Begin PBXNativeTarget section */
		2A30B7BE24F3847500856F2D /* SalmonDayoffScanner */ = {
			isa = PBXNativeTarget;
			buildConfigurationList = 2A30B7D324F3847700856F2D /* Build configuration list for PBXNativeTarget "SalmonDayoffScanner" */;
			buildPhases = (
				2A30B7BB24F3847500856F2D /* Sources */,
				2A30B7BC24F3847500856F2D /* Frameworks */,
				2A30B7BD24F3847500856F2D /* Resources */,
			);
			buildRules = (
			);
			dependencies = (
			);
			name = SalmonDayoffScanner;
			packageProductDependencies = (
				2A358B6824F3BF36008ABD8B /* Alamofire */,
			);
			productName = SalmonDayoffScanner;
			productReference = 2A30B7BF24F3847500856F2D /* SalmonDayoffScanner.app */;
			productType = "com.apple.product-type.application";
		};
/* End PBXNativeTarget section */

/* Begin PBXProject section */
		2A30B7B724F3847500856F2D /* Project object */ = {
			isa = PBXProject;
			attributes = {
				LastSwiftUpdateCheck = 1160;
				LastUpgradeCheck = 1200;
				ORGANIZATIONNAME = "Inkwire Technology (Hangzhou) Co., Ltd.";
				TargetAttributes = {
					2A30B7BE24F3847500856F2D = {
						CreatedOnToolsVersion = 11.6;
					};
				};
			};
			buildConfigurationList = 2A30B7BA24F3847500856F2D /* Build configuration list for PBXProject "SalmonDayoffScanner" */;
			compatibilityVersion = "Xcode 9.3";
			developmentRegion = en;
			hasScannedForEncodings = 0;
			knownRegions = (
				en,
				Base,
			);
			mainGroup = 2A30B7B624F3847500856F2D;
			packageReferences = (
				2A358B6724F3BF36008ABD8B /* XCRemoteSwiftPackageReference "Alamofire" */,
			);
			productRefGroup = 2A30B7C024F3847500856F2D /* Products */;
			projectDirPath = "";
			projectRoot = "";
			targets = (
				2A30B7BE24F3847500856F2D /* SalmonDayoffScanner */,
			);
		};
/* End PBXProject section */

/* Begin PBXResourcesBuildPhase section */
		2A30B7BD24F3847500856F2D /* Resources */ = {
			isa = PBXResourcesBuildPhase;
			buildActionMask = 2147483647;
			files = (
				2A30B7CF24F3847700856F2D /* LaunchScreen.storyboard in Resources */,
				2A30B7CC24F3847700856F2D /* Preview Assets.xcassets in Resources */,
				2A30B7C924F3847700856F2D /* Assets.xcassets in Resources */,
			);
			runOnlyForDeploymentPostprocessing = 0;
		};
/* End PBXResourcesBuildPhase section */

/* Begin PBXSourcesBuildPhase section */
		2A30B7BB24F3847500856F2D /* Sources */ = {
			isa = PBXSourcesBuildPhase;
			buildActionMask = 2147483647;
			files = (
				2A30B7D724F38BD200856F2D /* CodeScannerView.swift in Sources */,
				2A358B6424F3A34B008ABD8B /* SDSScreenStatus.swift in Sources */,
				2A358B6624F3BEC8008ABD8B /* ScanHandler.swift in Sources */,
				2A358B6D24F414FC008ABD8B /* Types.swift in Sources */,
				2A30B7C324F3847500856F2D /* AppDelegate.swift in Sources */,
				2A358B6B24F3BF54008ABD8B /* Settings.swift in Sources */,
				2A30B7C524F3847500856F2D /* SceneDelegate.swift in Sources */,
				2A30B7C724F3847500856F2D /* ContentView.swift in Sources */,
			);
			runOnlyForDeploymentPostprocessing = 0;
		};
/* End PBXSourcesBuildPhase section */

/* Begin PBXVariantGroup section */
		2A30B7CD24F3847700856F2D /* LaunchScreen.storyboard */ = {
			isa = PBXVariantGroup;
			children = (
				2A30B7CE24F3847700856F2D /* Base */,
			);
			name = LaunchScreen.storyboard;
			sourceTree = "<group>";
		};
/* End PBXVariantGroup section */

/* Begin XCBuildConfiguration section */
		2A30B7D124F3847700856F2D /* Debug */ = {
			isa = XCBuildConfiguration;
			buildSettings = {
				ALWAYS_SEARCH_USER_PATHS = NO;
				CLANG_ANALYZER_NONNULL = YES;
				CLANG_ANALYZER_NUMBER_OBJECT_CONVERSION = YES_AGGRESSIVE;
				CLANG_CXX_LANGUAGE_STANDARD = "gnu++14";
				CLANG_CXX_LIBRARY = "libc++";
				CLANG_ENABLE_MODULES = YES;
				CLANG_ENABLE_OBJC_ARC = YES;
				CLANG_ENABLE_OBJC_WEAK = YES;
				CLANG_WARN_BLOCK_CAPTURE_AUTORELEASING = YES;
				CLANG_WARN_BOOL_CONVERSION = YES;
				CLANG_WARN_COMMA = YES;
				CLANG_WARN_CONSTANT_CONVERSION = YES;
				CLANG_WARN_DEPRECATED_OBJC_IMPLEMENTATIONS = YES;
				CLANG_WARN_DIRECT_OBJC_ISA_USAGE = YES_ERROR;
				CLANG_WARN_DOCUMENTATION_COMMENTS = YES;
				CLANG_WARN_EMPTY_BODY = YES;
				CLANG_WARN_ENUM_CONVERSION = YES;
				CLANG_WARN_INFINITE_RECURSION = YES;
				CLANG_WARN_INT_CONVERSION = YES;
				CLANG_WARN_NON_LITERAL_NULL_CONVERSION = YES;
				CLANG_WARN_OBJC_IMPLICIT_RETAIN_SELF = YES;
				CLANG_WARN_OBJC_LITERAL_CONVERSION = YES;
				CLANG_WARN_OBJC_ROOT_CLASS = YES_ERROR;
				CLANG_WARN_QUOTED_INCLUDE_IN_FRAMEWORK_HEADER = YES;
				CLANG_WARN_RANGE_LOOP_ANALYSIS = YES;
				CLANG_WARN_STRICT_PROTOTYPES = YES;
				CLANG_WARN_SUSPICIOUS_MOVE = YES;
				CLANG_WARN_UNGUARDED_AVAILABILITY = YES_AGGRESSIVE;
				CLANG_WARN_UNREACHABLE_CODE = YES;
				CLANG_WARN__DUPLICATE_METHOD_MATCH = YES;
				COPY_PHASE_STRIP = NO;
				DEBUG_INFORMATION_FORMAT = dwarf;
				ENABLE_STRICT_OBJC_MSGSEND = YES;
				ENABLE_TESTABILITY = YES;
				GCC_C_LANGUAGE_STANDARD = gnu11;
				GCC_DYNAMIC_NO_PIC = NO;
				GCC_NO_COMMON_BLOCKS = YES;
				GCC_OPTIMIZATION_LEVEL = 0;
				GCC_PREPROCESSOR_DEFINITIONS = (
					"DEBUG=1",
					"$(inherited)",
				);
				GCC_WARN_64_TO_32_BIT_CONVERSION = YES;
				GCC_WARN_ABOUT_RETURN_TYPE = YES_ERROR;
				GCC_WARN_UNDECLARED_SELECTOR = YES;
				GCC_WARN_UNINITIALIZED_AUTOS = YES_AGGRESSIVE;
				GCC_WARN_UNUSED_FUNCTION = YES;
				GCC_WARN_UNUSED_VARIABLE = YES;
				IPHONEOS_DEPLOYMENT_TARGET = 13.0;
				MTL_ENABLE_DEBUG_INFO = INCLUDE_SOURCE;
				MTL_FAST_MATH = YES;
				ONLY_ACTIVE_ARCH = YES;
				SDKROOT = iphoneos;
				SWIFT_ACTIVE_COMPILATION_CONDITIONS = DEBUG;
				SWIFT_OPTIMIZATION_LEVEL = "-Onone";
			};
			name = Debug;
		};
		2A30B7D224F3847700856F2D /* Release */ = {
			isa = XCBuildConfiguration;
			buildSettings = {
				ALWAYS_SEARCH_USER_PATHS = NO;
				CLANG_ANALYZER_NONNULL = YES;
				CLANG_ANALYZER_NUMBER_OBJECT_CONVERSION = YES_AGGRESSIVE;
				CLANG_CXX_LANGUAGE_STANDARD = "gnu++14";
				CLANG_CXX_LIBRARY = "libc++";
				CLANG_ENABLE_MODULES = YES;
				CLANG_ENABLE_OBJC_ARC = YES;
				CLANG_ENABLE_OBJC_WEAK = YES;
				CLANG_WARN_BLOCK_CAPTURE_AUTORELEASING = YES;
				CLANG_WARN_BOOL_CONVERSION = YES;
				CLANG_WARN_COMMA = YES;
				CLANG_WARN_CONSTANT_CONVERSION = YES;
				CLANG_WARN_DEPRECATED_OBJC_IMPLEMENTATIONS = YES;
				CLANG_WARN_DIRECT_OBJC_ISA_USAGE = YES_ERROR;
				CLANG_WARN_DOCUMENTATION_COMMENTS = YES;
				CLANG_WARN_EMPTY_BODY = YES;
				CLANG_WARN_ENUM_CONVERSION = YES;
				CLANG_WARN_INFINITE_RECURSION = YES;
				CLANG_WARN_INT_CONVERSION = YES;
				CLANG_WARN_NON_LITERAL_NULL_CONVERSION = YES;
				CLANG_WARN_OBJC_IMPLICIT_RETAIN_SELF = YES;
				CLANG_WARN_OBJC_LITERAL_CONVERSION = YES;
				CLANG_WARN_OBJC_ROOT_CLASS = YES_ERROR;
				CLANG_WARN_QUOTED_INCLUDE_IN_FRAMEWORK_HEADER = YES;
				CLANG_WARN_RANGE_LOOP_ANALYSIS = YES;
				CLANG_WARN_STRICT_PROTOTYPES = YES;
				CLANG_WARN_SUSPICIOUS_MOVE = YES;
				CLANG_WARN_UNGUARDED_AVAILABILITY = YES_AGGRESSIVE;
				CLANG_WARN_UNREACHABLE_CODE = YES;
				CLANG_WARN__DUPLICATE_METHOD_MATCH = YES;
				COPY_PHASE_STRIP = NO;
				DEBUG_INFORMATION_FORMAT = "dwarf-with-dsym";
				ENABLE_NS_ASSERTIONS = NO;
				ENABLE_STRICT_OBJC_MSGSEND = YES;
				GCC_C_LANGUAGE_STANDARD = gnu11;
				GCC_NO_COMMON_BLOCKS = YES;
				GCC_WARN_64_TO_32_BIT_CONVERSION = YES;
				GCC_WARN_ABOUT_RETURN_TYPE = YES_ERROR;
				GCC_WARN_UNDECLARED_SELECTOR = YES;
				GCC_WARN_UNINITIALIZED_AUTOS = YES_AGGRESSIVE;
				GCC_WARN_UNUSED_FUNCTION = YES;
				GCC_WARN_UNUSED_VARIABLE = YES;
				IPHONEOS_DEPLOYMENT_TARGET = 13.0;
				MTL_ENABLE_DEBUG_INFO = NO;
				MTL_FAST_MATH = YES;
				SDKROOT = iphoneos;
				SWIFT_COMPILATION_MODE = wholemodule;
				SWIFT_OPTIMIZATION_LEVEL = "-O";
				VALIDATE_PRODUCT = YES;
			};
			name = Release;
		};
		2A30B7D424F3847700856F2D /* Debug */ = {
			isa = XCBuildConfiguration;
			buildSettings = {
				ASSETCATALOG_COMPILER_APPICON_NAME = AppIcon;
				CODE_SIGN_ENTITLEMENTS = SalmonDayoffScanner/SalmonDayoffScanner.entitlements;
				CODE_SIGN_STYLE = Automatic;
				CURRENT_PROJECT_VERSION = 3;
				DEVELOPMENT_ASSET_PATHS = "\"SalmonDayoffScanner/Preview Content\"";
				DEVELOPMENT_TEAM = LG57TUQ726;
				ENABLE_PREVIEWS = YES;
				INFOPLIST_FILE = SalmonDayoffScanner/Info.plist;
				LD_RUNPATH_SEARCH_PATHS = (
					"$(inherited)",
					"@executable_path/Frameworks",
				);
				MARKETING_VERSION = 1.1;
				PRODUCT_BUNDLE_IDENTIFIER = com.hduhelp.SalmonDayoffScanner;
				PRODUCT_NAME = "$(TARGET_NAME)";
				SUPPORTS_MACCATALYST = YES;
				SWIFT_VERSION = 5.0;
				TARGETED_DEVICE_FAMILY = "1,2";
			};
			name = Debug;
		};
		2A30B7D524F3847700856F2D /* Release */ = {
			isa = XCBuildConfiguration;
			buildSettings = {
				ASSETCATALOG_COMPILER_APPICON_NAME = AppIcon;
				CODE_SIGN_ENTITLEMENTS = SalmonDayoffScanner/SalmonDayoffScanner.entitlements;
				CODE_SIGN_STYLE = Automatic;
				CURRENT_PROJECT_VERSION = 3;
				DEVELOPMENT_ASSET_PATHS = "\"SalmonDayoffScanner/Preview Content\"";
				DEVELOPMENT_TEAM = LG57TUQ726;
				ENABLE_PREVIEWS = YES;
				INFOPLIST_FILE = SalmonDayoffScanner/Info.plist;
				LD_RUNPATH_SEARCH_PATHS = (
					"$(inherited)",
					"@executable_path/Frameworks",
				);
				MARKETING_VERSION = 1.1;
				PRODUCT_BUNDLE_IDENTIFIER = com.hduhelp.SalmonDayoffScanner;
				PRODUCT_NAME = "$(TARGET_NAME)";
				SUPPORTS_MACCATALYST = YES;
				SWIFT_VERSION = 5.0;
				TARGETED_DEVICE_FAMILY = "1,2";
			};
			name = Release;
		};
/* End XCBuildConfiguration section */

/* Begin XCConfigurationList section */
		2A30B7BA24F3847500856F2D /* Build configuration list for PBXProject "SalmonDayoffScanner" */ = {
			isa = XCConfigurationList;
			buildConfigurations = (
				2A30B7D124F3847700856F2D /* Debug */,
				2A30B7D224F3847700856F2D /* Release */,
			);
			defaultConfigurationIsVisible = 0;
			defaultConfigurationName = Release;
		};
		2A30B7D324F3847700856F2D /* Build configuration list for PBXNativeTarget "SalmonDayoffScanner" */ = {
			isa = XCConfigurationList;
			buildConfigurations = (
				2A30B7D424F3847700856F2D /* Debug */,
				2A30B7D524F3847700856F2D /* Release */,
			);
			defaultConfigurationIsVisible = 0;
			defaultConfigurationName = Release;
		};
/* End XCConfigurationList section */

/* Begin XCRemoteSwiftPackageReference section */
		2A358B6724F3BF36008ABD8B /* XCRemoteSwiftPackageReference "Alamofire" */ = {
			isa = XCRemoteSwiftPackageReference;
			repositoryURL = "https://github.com/Alamofire/Alamofire";
			requirement = {
				kind = upToNextMajorVersion;
				minimumVersion = 5.2.2;
			};
		};
/* End XCRemoteSwiftPackageReference section */

/* Begin XCSwiftPackageProductDependency section */
		2A358B6824F3BF36008ABD8B /* Alamofire */ = {
			isa = XCSwiftPackageProductDependency;
			package = 2A358B6724F3BF36008ABD8B /* XCRemoteSwiftPackageReference "Alamofire" */;
			productName = Alamofire;
		};
/* End XCSwiftPackageProductDependency section */
	};
	rootObject = 2A30B7B724F3847500856F2D /* Project object */;
}
